
Microsoft Visual Studio Solution File, Format Version 12.00
# Visual Studio Version 17
VisualStudioVersion = 17.14.36408.4 d17.14
MinimumVisualStudioVersion = 10.0.40219.1
Project("{FAE04EC0-301F-11D3-BF4B-00C04F79EFBC}") = "BasicsOfDelegates", "BasicsOfDelegates\BasicsOfDelegates.csproj", "{3A531668-D117-4A85-BEA5-BA1F9BB0C0D4}"
EndProject
Project("{FAE04EC0-301F-11D3-BF4B-00C04F79EFBC}") = "DelegateExampleLogHandler", "DelegateExampleLogHandler\DelegateExampleLogHandler.csproj", "{3A0E9DB1-4972-4702-95CD-D084FCBCFCFF}"
EndProject
Project("{FAE04EC0-301F-11D3-BF4B-00C04F79EFBC}") = "BasicsOfGenerics", "BasicsOfGenerics\BasicsOfGenerics.csproj", "{9FF0DFC8-8E04-4DD5-BDFD-7808953F8A5F}"
EndProject
Project("{FAE04EC0-301F-11D3-BF4B-00C04F79EFBC}") = "DelegatesGenericsSortingAlgorithm", "DelegatesGenericsSortingAlgorithm\DelegatesGenericsSortingAlgorithm.csproj", "{28D5D4A3-E8A7-4308-B3B4-638591B4D28E}"
EndProject
Global
	GlobalSection(SolutionConfigurationPlatforms) = preSolution
		Debug|Any CPU = Debug|Any CPU
		Release|Any CPU = Release|Any CPU
	EndGlobalSection
	GlobalSection(ProjectConfigurationPlatforms) = postSolution
		{3A531668-D117-4A85-BEA5-BA1F9BB0C0D4}.Debug|Any CPU.ActiveCfg = Debug|Any CPU
		{3A531668-D117-4A85-BEA5-BA1F9BB0C0D4}.Debug|Any CPU.Build.0 = Debug|Any CPU
		{3A531668-D117-4A85-BEA5-BA1F9BB0C0D4}.Release|Any CPU.ActiveCfg = Release|Any CPU
		{3A531668-D117-4A85-BEA5-BA1F9BB0C0D4}.Release|Any CPU.Build.0 = Release|Any CPU
		{3A0E9DB1-4972-4702-95CD-D084FCBCFCFF}.Debug|Any CPU.ActiveCfg = Debug|Any CPU
		{3A0E9DB1-4972-4702-95CD-D084FCBCFCFF}.Debug|Any CPU.Build.0 = Debug|Any CPU
		{3A0E9DB1-4972-4702-95CD-D084FCBCFCFF}.Release|Any CPU.ActiveCfg = Release|Any CPU
		{3A0E9DB1-4972-4702-95CD-D084FCBCFCFF}.Release|Any CPU.Build.0 = Release|Any CPU
		{9FF0DFC8-8E04-4DD5-BDFD-7808953F8A5F}.Debug|Any CPU.ActiveCfg = Debug|Any CPU
		{9FF0DFC8-8E04-4DD5-BDFD-7808953F8A5F}.Debug|Any CPU.Build.0 = Debug|Any CPU
		{9FF0DFC8-8E04-4DD5-BDFD-7808953F8A5F}.Release|Any CPU.ActiveCfg = Release|Any CPU
		{9FF0DFC8-8E04-4DD5-BDFD-7808953F8A5F}.Release|Any CPU.Build.0 = Release|Any CPU
		{28D5D4A3-E8A7-4308-B3B4-638591B4D28E}.Debug|Any CPU.ActiveCfg = Debug|Any CPU
		{28D5D4A3-E8A7-4308-B3B4-638591B4D28E}.Debug|Any CPU.Build.0 = Debug|Any CPU
		{28D5D4A3-E8A7-4308-B3B4-638591B4D28E}.Release|Any CPU.ActiveCfg = Release|Any CPU
		{28D5D4A3-E8A7-4308-B3B4-638591B4D28E}.Release|Any CPU.Build.0 = Release|Any CPU
	EndGlobalSection
	GlobalSection(SolutionProperties) = preSolution
		HideSolutionNode = FALSE
	EndGlobalSection
	GlobalSection(ExtensibilityGlobals) = postSolution
		SolutionGuid = {52436A4F-AF54-414E-A406-A37ECD5644E7}
	EndGlobalSection
EndGlobal
