
Microsoft Visual Studio Solution File, Format Version 12.00
# Visual Studio Version 17
VisualStudioVersion = 17.14.36408.4 d17.14
MinimumVisualStudioVersion = 10.0.40219.1
Project("{FAE04EC0-301F-11D3-BF4B-00C04F79EFBC}") = "BasicsOfRegularExpressions", "BasicsOfRegularExpressions\BasicsOfRegularExpressions.csproj", "{267F96BC-FE10-485F-9938-ACAC29FB1BEF}"
EndProject
Global
	GlobalSection(SolutionConfigurationPlatforms) = preSolution
		Debug|Any CPU = Debug|Any CPU
		Release|Any CPU = Release|Any CPU
	EndGlobalSection
	GlobalSection(ProjectConfigurationPlatforms) = postSolution
		{267F96BC-FE10-485F-9938-ACAC29FB1BEF}.Debug|Any CPU.ActiveCfg = Debug|Any CPU
		{267F96BC-FE10-485F-9938-ACAC29FB1BEF}.Debug|Any CPU.Build.0 = Debug|Any CPU
		{267F96BC-FE10-485F-9938-ACAC29FB1BEF}.Release|Any CPU.ActiveCfg = Release|Any CPU
		{267F96BC-FE10-485F-9938-ACAC29FB1BEF}.Release|Any CPU.Build.0 = Release|Any CPU
	EndGlobalSection
	GlobalSection(SolutionProperties) = preSolution
		HideSolutionNode = FALSE
	EndGlobalSection
	GlobalSection(ExtensibilityGlobals) = postSolution
		SolutionGuid = {AA6C5A20-A95A-40AE-9B1B-237EABB4EA8A}
	EndGlobalSection
EndGlobal
